{
  "lockfileVersion": 1,
  "configVersion": 1,
  "workspaces": {
    "": {
      "name": "@bun-remotion/graphify",
      "dependencies": {
        "graphology": "^0.26.0",
        "graphology-communities-louvain": "^2.0.2",
        "graphology-metrics": "^2.4.0",
        "graphology-pagerank": "^1.1.0",
        "tree-sitter-c": "^0.24.1",
        "tree-sitter-c-sharp": "^0.23.1",
        "tree-sitter-cpp": "^0.23.4",
        "tree-sitter-elixir": "^0.3.5",
        "tree-sitter-go": "^0.25.0",
        "tree-sitter-java": "^0.23.5",
        "tree-sitter-javascript": "^0.25.0",
        "tree-sitter-julia": "^0.23.1",
        "tree-sitter-kotlin": "^0.3.8",
        "tree-sitter-lua": "^2.1.3",
        "tree-sitter-objc": "^3.0.2",
        "tree-sitter-php": "^0.24.2",
        "tree-sitter-powershell": "^0.26.3",
        "tree-sitter-python": "^0.25.0",
        "tree-sitter-ruby": "^0.23.1",
        "tree-sitter-rust": "^0.24.0",
        "tree-sitter-scala": "^0.24.0",
        "tree-sitter-swift": "^0.7.1",
        "tree-sitter-typescript": "^0.23.2",
        "tree-sitter-verilog": "^1.0.0",
        "tree-sitter-zig": "^0.2.0",
        "web-tree-sitter": "^0.26.8",
      },
      "devDependencies": {
        "@types/bun": "^1.2.0",
        "typescript": "^5.8.0",
      },
    },
  },
  "packages": {
    "@types/bun": ["@types/bun@1.3.11", "", { "dependencies": { "bun-types": "1.3.11" } }, "sha512-5vPne5QvtpjGpsGYXiFyycfpDF2ECyPcTSsFBMa0fraoxiQyMJ3SmuQIGhzPg2WJuWxVBoxWJ2kClYTcw/4fAg=="],

    "@types/node": ["@types/node@25.5.2", "", { "dependencies": { "undici-types": "~7.18.0" } }, "sha512-tO4ZIRKNC+MDWV4qKVZe3Ql/woTnmHDr5JD8UI5hn2pwBrHEwOEMZK7WlNb5RKB6EoJ02gwmQS9OrjuFnZYdpg=="],

    "@yomguithereal/helpers": ["@yomguithereal/helpers@1.1.1", "", {}, "sha512-UYvAq/XCA7xoh1juWDYsq3W0WywOB+pz8cgVnE1b45ZfdMhBvHDrgmSFG3jXeZSr2tMTYLGHFHON+ekG05Jebg=="],

    "bun-types": ["bun-types@1.3.11", "", { "dependencies": { "@types/node": "*" } }, "sha512-1KGPpoxQWl9f6wcZh57LvrPIInQMn2TQ7jsgxqpRzg+l0QPOFvJVH7HmvHo/AiPgwXy+/Thf6Ov3EdVn1vOabg=="],

    "events": ["events@3.3.0", "", {}, "sha512-mQw+2fkQbALzQ7V0MY0IqdnXNOeTtP4r0lN9z7AAawCXgqea7bDii20AYrIBrFd/Hx0M2Ocz6S111CaFkUcb0Q=="],

    "graphology": ["graphology@0.26.0", "", { "dependencies": { "events": "^3.3.0" }, "peerDependencies": { "graphology-types": ">=0.24.0" } }, "sha512-8SSImzgUUYC89Z042s+0r/vMibY7GX/Emz4LDO5e7jYXhuoWfHISPFJYjpRLUSJGq6UQ6xlenvX1p/hJdfXuXg=="],

    "graphology-communities-louvain": ["graphology-communities-louvain@2.0.2", "", { "dependencies": { "graphology-indices": "^0.17.0", "graphology-utils": "^2.4.4", "mnemonist": "^0.39.0", "pandemonium": "^2.4.1" }, "peerDependencies": { "graphology-types": ">=0.19.0" } }, "sha512-zt+2hHVPYxjEquyecxWXoUoIuN/UvYzsvI7boDdMNz0rRvpESQ7+e+Ejv6wK7AThycbZXuQ6DkG8NPMCq6XwoA=="],

    "graphology-indices": ["graphology-indices@0.17.0", "", { "dependencies": { "graphology-utils": "^2.4.2", "mnemonist": "^0.39.0" }, "peerDependencies": { "graphology-types": ">=0.20.0" } }, "sha512-A7RXuKQvdqSWOpn7ZVQo4S33O0vCfPBnUSf7FwE0zNCasqwZVUaCXePuWo5HBpWw68KJcwObZDHpFk6HKH6MYQ=="],

    "graphology-metrics": ["graphology-metrics@2.4.0", "", { "dependencies": { "graphology-indices": "^0.17.0", "graphology-shortest-path": "^2.0.0", "graphology-utils": "^2.4.4", "mnemonist": "^0.39.0", "pandemonium": "2.4.1" }, "peerDependencies": { "graphology-types": ">=0.20.0" } }, "sha512-7WOfOP+mFLCaTJx55Qg4eY+211vr1/b3D/R3biz3SXGhAaCVcWYkfabnmO4O4WBNWANEHtVnFrGgJ0kj6MM6xw=="],

    "graphology-pagerank": ["graphology-pagerank@1.1.0", "", { "dependencies": { "graphology-utils": "^1.3.0", "lodash": "^4.17.5" } }, "sha512-ubhzN7HDKYSaFFvzqQsqQp14LIgCPNGaioWVZgc5E49NEKUOtCVehWEDF/9QXDUiK+4cMzj/yRoneJbYR0Rc3A=="],

    "graphology-shortest-path": ["graphology-shortest-path@2.1.0", "", { "dependencies": { "@yomguithereal/helpers": "^1.1.1", "graphology-indices": "^0.17.0", "graphology-utils": "^2.4.3", "mnemonist": "^0.39.0" }, "peerDependencies": { "graphology-types": ">=0.20.0" } }, "sha512-KbT9CTkP/u72vGEJzyRr24xFC7usI9Es3LMmCPHGwQ1KTsoZjxwA9lMKxfU0syvT/w+7fZUdB/Hu2wWYcJBm6Q=="],

    "graphology-types": ["graphology-types@0.24.8", "", {}, "sha512-hDRKYXa8TsoZHjgEaysSRyPdT6uB78Ci8WnjgbStlQysz7xR52PInxNsmnB7IBOM1BhikxkNyCVEFgmPKnpx3Q=="],

    "graphology-utils": ["graphology-utils@2.5.2", "", { "peerDependencies": { "graphology-types": ">=0.23.0" } }, "sha512-ckHg8MXrXJkOARk56ZaSCM1g1Wihe2d6iTmz1enGOz4W/l831MBCKSayeFQfowgF8wd+PQ4rlch/56Vs/VZLDQ=="],

    "isexe": ["isexe@2.0.0", "", {}, "sha512-RHxMLp9lnKHGHRng9QFhRCMbYAcVpn69smSGcq3f36xjgVVWThj4qqLbTLlq7Ssj8B+fIQ1EuCEGI2lKsyQeIw=="],

    "lodash": ["lodash@4.18.1", "", {}, "sha512-dMInicTPVE8d1e5otfwmmjlxkZoUpiVLwyeTdUsi/Caj/gfzzblBcCE5sRHV/AsjuCmxWrte2TNGSYuCeCq+0Q=="],

    "mnemonist": ["mnemonist@0.39.8", "", { "dependencies": { "obliterator": "^2.0.1" } }, "sha512-vyWo2K3fjrUw8YeeZ1zF0fy6Mu59RHokURlld8ymdUPjMlD9EC9ov1/YPqTgqRvUN9nTr3Gqfz29LYAmu0PHPQ=="],

    "nan": ["nan@2.26.2", "", {}, "sha512-0tTvBTYkt3tdGw22nrAy50x7gpbGCCFH3AFcyS5WiUu7Eu4vWlri1woE6qHBSfy11vksDqkiwjOnlR7WV8G1Hw=="],

    "node-addon-api": ["node-addon-api@8.7.0", "", {}, "sha512-9MdFxmkKaOYVTV+XVRG8ArDwwQ77XIgIPyKASB1k3JPq3M8fGQQQE3YpMOrKm6g//Ktx8ivZr8xo1Qmtqub+GA=="],

    "node-gyp-build": ["node-gyp-build@4.8.4", "", { "bin": { "node-gyp-build": "bin.js", "node-gyp-build-optional": "optional.js", "node-gyp-build-test": "build-test.js" } }, "sha512-LA4ZjwlnUblHVgq0oBF3Jl/6h/Nvs5fzBLwdEF4nuxnFdsfajde4WfxtJr3CaiH+F6ewcIB/q4jQ4UzPyid+CQ=="],

    "obliterator": ["obliterator@2.0.5", "", {}, "sha512-42CPE9AhahZRsMNslczq0ctAEtqk8Eka26QofnqC346BZdHDySk3LWka23LI7ULIw11NmltpiLagIq8gBozxTw=="],

    "pandemonium": ["pandemonium@2.4.1", "", { "dependencies": { "mnemonist": "^0.39.2" } }, "sha512-wRqjisUyiUfXowgm7MFH2rwJzKIr20rca5FsHXCMNm1W5YPP1hCtrZfgmQ62kP7OZ7Xt+cR858aB28lu5NX55g=="],

    "tree-sitter": ["tree-sitter@0.22.4", "", { "dependencies": { "node-addon-api": "^8.3.0", "node-gyp-build": "^4.8.4" } }, "sha512-usbHZP9/oxNsUY65MQUsduGRqDHQOou1cagUSwjhoSYAmSahjQDAVsh9s+SlZkn8X8+O1FULRGwHu7AFP3kjzg=="],

    "tree-sitter-c": ["tree-sitter-c@0.24.1", "", { "dependencies": { "node-addon-api": "^8.3.1", "node-gyp-build": "^4.8.4" }, "peerDependencies": { "tree-sitter": "^0.22.4" }, "optionalPeers": ["tree-sitter"] }, "sha512-lkYwWN3SRecpvaeqmFKkuPNR3ZbtnvHU+4XAEEkJdrp3JfSp2pBrhXOtvfsENUneye76g889Y0ddF2DM0gEDpA=="],

    "tree-sitter-c-sharp": ["tree-sitter-c-sharp@0.23.1", "", { "dependencies": { "node-addon-api": "^8.2.2", "node-gyp-build": "^4.8.2" }, "peerDependencies": { "tree-sitter": "^0.21.1" }, "optionalPeers": ["tree-sitter"] }, "sha512-9zZ4FlcTRWWfRf6f4PgGhG8saPls6qOOt75tDfX7un9vQZJmARjPrAC6yBNCX2T/VKcCjIDbgq0evFaB3iGhQw=="],

    "tree-sitter-cli": ["tree-sitter-cli@0.23.2", "", { "bin": { "tree-sitter": "cli.js" } }, "sha512-kPPXprOqREX+C/FgUp2Qpt9jd0vSwn+hOgjzVv/7hapdoWpa+VeWId53rf4oNNd29ikheF12BYtGD/W90feMbA=="],

    "tree-sitter-cpp": ["tree-sitter-cpp@0.23.4", "", { "dependencies": { "node-addon-api": "^8.2.1", "node-gyp-build": "^4.8.2", "tree-sitter-c": "^0.23.1" }, "peerDependencies": { "tree-sitter": "^0.21.1" }, "optionalPeers": ["tree-sitter"] }, "sha512-qR5qUDyhZ5jJ6V8/umiBxokRbe89bCGmcq/dk94wI4kN86qfdV8k0GHIUEKaqWgcu42wKal5E97LKpLeVW8sKw=="],

    "tree-sitter-elixir": ["tree-sitter-elixir@0.3.5", "", { "dependencies": { "node-addon-api": "^7.1.0", "node-gyp-build": "^4.8.0" }, "peerDependencies": { "tree-sitter": "^0.21.0" } }, "sha512-xozQMvYK0aSolcQZAx2d84Xe/YMWFuRPYFlLVxO01bM2GITh5jyiIp0TqPCQa8754UzRAI7A83hZmfiYub5TZQ=="],

    "tree-sitter-go": ["tree-sitter-go@0.25.0", "", { "dependencies": { "node-addon-api": "^8.3.1", "node-gyp-build": "^4.8.4" }, "peerDependencies": { "tree-sitter": "^0.25.0" }, "optionalPeers": ["tree-sitter"] }, "sha512-APBc/Dq3xz/e35Xpkhb1blu5UgW+2E3RyGWawZSCNcbGwa7jhSQPS8KsUupuzBla8PCo8+lz9W/JDJjmfRa2tw=="],

    "tree-sitter-java": ["tree-sitter-java@0.23.5", "", { "dependencies": { "node-addon-api": "^8.2.2", "node-gyp-build": "^4.8.2" }, "peerDependencies": { "tree-sitter": "^0.21.1" }, "optionalPeers": ["tree-sitter"] }, "sha512-Yju7oQ0Xx7GcUT01mUglPP+bYfvqjNCGdxqigTnew9nLGoII42PNVP3bHrYeMxswiCRM0yubWmN5qk+zsg0zMA=="],

    "tree-sitter-javascript": ["tree-sitter-javascript@0.25.0", "", { "dependencies": { "node-addon-api": "^8.3.1", "node-gyp-build": "^4.8.4" }, "peerDependencies": { "tree-sitter": "^0.25.0" }, "optionalPeers": ["tree-sitter"] }, "sha512-1fCbmzAskZkxcZzN41sFZ2br2iqTYP3tKls1b/HKGNPQUVOpsUxpmGxdN/wMqAk3jYZnYBR1dd/y/0avMeU7dw=="],

    "tree-sitter-julia": ["tree-sitter-julia@0.23.1", "", { "dependencies": { "node-addon-api": "^8.2.2", "node-gyp-build": "^4.8.2" }, "peerDependencies": { "tree-sitter": "^0.21.1" }, "optionalPeers": ["tree-sitter"] }, "sha512-3vShY0GIu8ajR6hXzE0pyUk6kkfg4pGx3Bfzm6lGmR9aC3fe+LgoBMlaFJ7JY+t0fNFccc77J8HVP67ukuDMxQ=="],

    "tree-sitter-kotlin": ["tree-sitter-kotlin@0.3.8", "", { "dependencies": { "node-addon-api": "^7.1.0", "node-gyp-build": "^4.8.0" }, "peerDependencies": { "tree-sitter": "^0.21.0" } }, "sha512-A4obq6bjzmYrA+F0JLLoheFPcofFkctNaZSpnDd+GPn1SfVZLY4/GG4C0cYVBTOShuPBGGAOPLM1JWLZQV4m1g=="],

    "tree-sitter-lua": ["tree-sitter-lua@2.1.3", "", { "dependencies": { "nan": "^2.15.0" } }, "sha512-BmRSRI0Y4J47cE2cODyXsPiueDSAnIrFLJqOP/gKIJhGa4HoGpvEccmNuhAEVGtCrgaHGhaIkWeqiMGCgQ0cfw=="],

    "tree-sitter-objc": ["tree-sitter-objc@3.0.2", "", { "dependencies": { "node-addon-api": "^8.3.0", "node-gyp-build": "^4.8.4", "tree-sitter-c": "^0.23.4" }, "peerDependencies": { "tree-sitter": "^0.22.1" }, "optionalPeers": ["tree-sitter"] }, "sha512-Hs0ohmx1u5M+0K7efoW+dv/corhBsfjftfIYLtp7dSGeJ+Zj4c33tDIboBYLs6qijRlz6wtHFxa0YX+FibLulA=="],

    "tree-sitter-php": ["tree-sitter-php@0.24.2", "", { "dependencies": { "node-addon-api": "^8.2.2", "node-gyp-build": "^4.8.2" }, "peerDependencies": { "tree-sitter": "^0.22.4" }, "optionalPeers": ["tree-sitter"] }, "sha512-zwgAePc/HozNaWOOfwRAA+3p8yhuehRw8Fb7vn5qd2XjiIc93uJPryDTMYTSjBRjVIUg/KY6pM3rRzs8dSwKfw=="],

    "tree-sitter-powershell": ["tree-sitter-powershell@0.26.3", "", { "dependencies": { "node-addon-api": "^8.5.0", "node-gyp-build": "^4.8.4" }, "peerDependencies": { "tree-sitter": "^0.25.0" }, "optionalPeers": ["tree-sitter"] }, "sha512-JcUjkEv+Q9YuKFwtjc078DuEm6G2WEutXXE1+DCwqJgz9oWFHCNw1DQbAcE0m1cA2lb1SDQe+ofc9CC9HDtSbQ=="],

    "tree-sitter-python": ["tree-sitter-python@0.25.0", "", { "dependencies": { "node-addon-api": "^8.5.0", "node-gyp-build": "^4.8.4" }, "peerDependencies": { "tree-sitter": "^0.25.0" }, "optionalPeers": ["tree-sitter"] }, "sha512-eCmJx6zQa35GxaCtQD+wXHOhYqBxEL+bp71W/s3fcDMu06MrtzkVXR437dRrCrbrDbyLuUDJpAgycs7ncngLXw=="],

    "tree-sitter-ruby": ["tree-sitter-ruby@0.23.1", "", { "dependencies": { "node-addon-api": "^8.2.2", "node-gyp-build": "^4.8.2" }, "peerDependencies": { "tree-sitter": "^0.21.1" }, "optionalPeers": ["tree-sitter"] }, "sha512-d9/RXgWjR6HanN7wTYhS5bpBQLz1VkH048Vm3CodPGyJVnamXMGb8oEhDypVCBq4QnHui9sTXuJBBP3WtCw5RA=="],

    "tree-sitter-rust": ["tree-sitter-rust@0.24.0", "", { "dependencies": { "node-addon-api": "^8.2.2", "node-gyp-build": "^4.8.4" }, "peerDependencies": { "tree-sitter": "^0.22.1" }, "optionalPeers": ["tree-sitter"] }, "sha512-NWemUDf629Tfc90Y0Z55zuwPCAHkLxWnMf2RznYu4iBkkrQl2o/CHGB7Cr52TyN5F1DAx8FmUnDtCy9iUkXZEQ=="],

    "tree-sitter-scala": ["tree-sitter-scala@0.24.0", "", { "dependencies": { "node-addon-api": "^8.2.2", "node-gyp-build": "^4.8.2" }, "peerDependencies": { "tree-sitter": "^0.21.1" }, "optionalPeers": ["tree-sitter"] }, "sha512-vkMuAUrBZ1zZz2XcGDQk18Kz73JkpgaeXzbNVobPke0G35sd9jH32aUxG6OLRKM7et0TbsfqkWf4DeJoGk4K1g=="],

    "tree-sitter-swift": ["tree-sitter-swift@0.7.1", "", { "dependencies": { "node-addon-api": "^8.0.0", "node-gyp-build": "^4.8.0", "tree-sitter-cli": "^0.23", "which": "2.0.2" }, "peerDependencies": { "tree-sitter": "^0.22.1" } }, "sha512-pneKVTuGamaBsqqqfB9BvNQjktzh/0IVPR54jLB5Fq/JTDQwYHd0Wo6pVyZ5jAYpbztzq+rJ/rpL9ruxTmSoKw=="],

    "tree-sitter-typescript": ["tree-sitter-typescript@0.23.2", "", { "dependencies": { "node-addon-api": "^8.2.2", "node-gyp-build": "^4.8.2", "tree-sitter-javascript": "^0.23.1" }, "peerDependencies": { "tree-sitter": "^0.21.0" }, "optionalPeers": ["tree-sitter"] }, "sha512-e04JUUKxTT53/x3Uq1zIL45DoYKVfHH4CZqwgZhPg5qYROl5nQjV+85ruFzFGZxu+QeFVbRTPDRnqL9UbU4VeA=="],

    "tree-sitter-verilog": ["tree-sitter-verilog@1.0.0", "", { "dependencies": { "nan": "^2.15.0" } }, "sha512-SSGUwA+mQ1Jxn/V2ROLj3+leO/68f+7MxWzoz5kOaJ3qzKAveSWjxOATGmiFMLy4DJ+/0pDXFnapwMDih2Cx6Q=="],

    "tree-sitter-zig": ["tree-sitter-zig@0.2.0", "", { "dependencies": { "nan": "^2.14.0" } }, "sha512-tvRaQw16pwlLVUFoBGMmBZFJfXaGB3vrgEcgrmanKL/MPdCBA12NYotrO8iS8C4DRJV5YimGvXt8do7f+d53qg=="],

    "typescript": ["typescript@5.9.3", "", { "bin": { "tsc": "bin/tsc", "tsserver": "bin/tsserver" } }, "sha512-jl1vZzPDinLr9eUt3J/t7V6FgNEw9QjvBPdysz9KfQDD41fQrC2Y4vKQdiaUpFT4bXlb1RHhLpp8wtm6M5TgSw=="],

    "undici-types": ["undici-types@7.18.2", "", {}, "sha512-AsuCzffGHJybSaRrmr5eHr81mwJU3kjw6M+uprWvCXiNeN9SOGwQ3Jn8jb8m3Z6izVgknn1R0FTCEAP2QrLY/w=="],

    "web-tree-sitter": ["web-tree-sitter@0.26.8", "", {}, "sha512-4sUwi7ZyOrIk5KLgYLkc2A/F0LFMQnBhfb+2Cdl7ik4ePJ6JD+fk4ofI2sA5eGawBKBaK4Vntt7Ww5KcEsay4A=="],

    "which": ["which@2.0.2", "", { "dependencies": { "isexe": "^2.0.0" }, "bin": { "node-which": "./bin/node-which" } }, "sha512-BLI3Tl1TW3Pvl70l3yq3Y64i+awpwXqsGBYWkkqMtnbXgrMD+yj7rhW0kuEDxzJaYXGjEW5ogapKNMEKNMjibA=="],

    "graphology-pagerank/graphology-utils": ["graphology-utils@1.8.0", "", { "peerDependencies": { "graphology-types": ">=0.19.0" } }, "sha512-Pa7SW30OMm8fVtyH49b3GJ/uxlMHGfXly50wIhlcc7ZoX9ahZa7sPBz+obo4WZClrRV6wh3tIu0GJoI42eao1A=="],

    "tree-sitter-cpp/tree-sitter-c": ["tree-sitter-c@0.23.6", "", { "dependencies": { "node-addon-api": "^8.3.0", "node-gyp-build": "^4.8.4" }, "peerDependencies": { "tree-sitter": "^0.22.1" }, "optionalPeers": ["tree-sitter"] }, "sha512-0dxXKznVyUA0s6PjNolJNs2yF87O5aL538A/eR6njA5oqX3C3vH4vnx3QdOKwuUdpKEcFdHuiDpRKLLCA/tjvQ=="],

    "tree-sitter-elixir/node-addon-api": ["node-addon-api@7.1.1", "", {}, "sha512-5m3bsyrjFWE1xf7nz7YXdN4udnVtXK6/Yfgn5qnahL6bCkf2yKt4k3nuTKAtT4r3IG8JNR2ncsIMdZuAzJjHQQ=="],

    "tree-sitter-kotlin/node-addon-api": ["node-addon-api@7.1.1", "", {}, "sha512-5m3bsyrjFWE1xf7nz7YXdN4udnVtXK6/Yfgn5qnahL6bCkf2yKt4k3nuTKAtT4r3IG8JNR2ncsIMdZuAzJjHQQ=="],

    "tree-sitter-objc/tree-sitter-c": ["tree-sitter-c@0.23.6", "", { "dependencies": { "node-addon-api": "^8.3.0", "node-gyp-build": "^4.8.4" }, "peerDependencies": { "tree-sitter": "^0.22.1" }, "optionalPeers": ["tree-sitter"] }, "sha512-0dxXKznVyUA0s6PjNolJNs2yF87O5aL538A/eR6njA5oqX3C3vH4vnx3QdOKwuUdpKEcFdHuiDpRKLLCA/tjvQ=="],

    "tree-sitter-typescript/tree-sitter-javascript": ["tree-sitter-javascript@0.23.1", "", { "dependencies": { "node-addon-api": "^8.2.2", "node-gyp-build": "^4.8.2" }, "peerDependencies": { "tree-sitter": "^0.21.1" }, "optionalPeers": ["tree-sitter"] }, "sha512-/bnhbrTD9frUYHQTiYnPcxyHORIw157ERBa6dqzaKxvR/x3PC4Yzd+D1pZIMS6zNg2v3a8BZ0oK7jHqsQo9fWA=="],
  }
}
